<?xml version="1.0" encoding="utf-8"?>
<Project ToolsVersion="4.0" xmlns="http://schemas.microsoft.com/developer/msbuild/2003">
  <ItemGroup>
    <ClCompile Include="SearchTest.cpp" />
    <ClCompile Include="..\agsearch.cpp" />
  </ItemGroup>
  <ItemGroup>
    <ClInclude Include="..\agsearch.h" />
  </ItemGroup>
  <ItemGroup>
    <ResourceCompile Include="SearchTest-vi.rc" />
    <ResourceCompile Include="SearchTest.rc" />
  </ItemGroup>
</Project>